{
    "_meta": {
        "hash": {
            "sha256": "87f7f9c339ffd96f863cf38faff865766b417c04e5c1d990e134b868ab2fcd14"
        },
        "pipfile-spec": 6,
        "requires": {
            "python_version": "3.9"
        },
        "sources": [
            {
                "name": "pypi",
                "url": "https://pypi.org/simple",
                "verify_ssl": true
            }
        ]
    },
    "default": {},
    "develop": {}
}
